<?xml version="1.0" encoding="utf-8"?>
<Project ToolsVersion="4.0" xmlns="http://schemas.microsoft.com/developer/msbuild/2003">
  <ItemGroup>
    <Filter Include="Source Files">
      <UniqueIdentifier>{4FC737F1-C7A5-4376-A066-2A32D752A2FF}</UniqueIdentifier>
      <Extensions>cpp;c;cc;cxx;def;odl;idl;hpj;bat;asm;asmx</Extensions>
    </Filter>
    <Filter Include="Header Files">
      <UniqueIdentifier>{93995380-89BD-4b04-88EB-625FBE52EBFB}</UniqueIdentifier>
      <Extensions>h;hpp;hxx;hm;inl;inc;xsd</Extensions>
    </Filter>
    <Filter Include="Resource Files">
      <UniqueIdentifier>{67DA6AB6-F800-4c08-8B7A-83BB121AAD01}</UniqueIdentifier>
      <Extensions>rc;ico;cur;bmp;dlg;rc2;rct;bin;rgs;gif;jpg;jpeg;jpe;resx;tiff;tif;png;wav</Extensions>
    </Filter>
  </ItemGroup>
  <ItemGroup>
    <ClCompile Include="BmpButton.cpp">
      <Filter>Source Files</Filter>
    </ClCompile>
    <ClCompile Include="DlgProxy.cpp">
      <Filter>Source Files</Filter>
    </ClCompile>
    <ClCompile Include="DlgUpload.cpp">
      <Filter>Source Files</Filter>
    </ClCompile>
    <ClCompile Include="SetVolume.cpp">
      <Filter>Source Files</Filter>
    </ClCompile>
    <ClCompile Include="ShowLyricDlg.cpp">
      <Filter>Source Files</Filter>
    </ClCompile>
    <ClCompile Include="SongInfoEditor.cpp">
      <Filter>Source Files</Filter>
    </ClCompile>
    <ClCompile Include="SongInfoEditorDlg.cpp">
      <Filter>Source Files</Filter>
    </ClCompile>
    <ClCompile Include="stdafx.cpp">
      <Filter>Source Files</Filter>
    </ClCompile>
    <ClCompile Include="TabID3v1.cpp">
      <Filter>Source Files</Filter>
    </ClCompile>
    <ClCompile Include="TabID3v2.cpp">
      <Filter>Source Files</Filter>
    </ClCompile>
    <ClCompile Include="TagID3v2.cpp">
      <Filter>Source Files</Filter>
    </ClCompile>
    <ClCompile Include="DSPlayer.cpp">
      <Filter>Source Files</Filter>
    </ClCompile>
    <ClCompile Include="VarietyDialog.cpp">
      <Filter>Source Files</Filter>
    </ClCompile>
    <ClCompile Include="DialogPicture.cpp">
      <Filter>Source Files</Filter>
    </ClCompile>
    <ClCompile Include="VarietyButton.cpp">
      <Filter>Source Files</Filter>
    </ClCompile>
  </ItemGroup>
  <ItemGroup>
    <Midl Include="SongInfoEditor.idl">
      <Filter>Source Files</Filter>
    </Midl>
  </ItemGroup>
  <ItemGroup>
    <ClInclude Include="BmpButton.h">
      <Filter>Header Files</Filter>
    </ClInclude>
    <ClInclude Include="DlgProxy.h">
      <Filter>Header Files</Filter>
    </ClInclude>
    <ClInclude Include="DlgUpload.h">
      <Filter>Header Files</Filter>
    </ClInclude>
    <ClInclude Include="Resource.h">
      <Filter>Header Files</Filter>
    </ClInclude>
    <ClInclude Include="SetVolume.h">
      <Filter>Header Files</Filter>
    </ClInclude>
    <ClInclude Include="ShowLyricDlg.h">
      <Filter>Header Files</Filter>
    </ClInclude>
    <ClInclude Include="SongInfoEditor.h">
      <Filter>Header Files</Filter>
    </ClInclude>
    <ClInclude Include="SongInfoEditorDlg.h">
      <Filter>Header Files</Filter>
    </ClInclude>
    <ClInclude Include="stdafx.h">
      <Filter>Header Files</Filter>
    </ClInclude>
    <ClInclude Include="TabID3v1.h">
      <Filter>Header Files</Filter>
    </ClInclude>
    <ClInclude Include="TabID3v2.h">
      <Filter>Header Files</Filter>
    </ClInclude>
    <ClInclude Include="TagID3v2.h">
      <Filter>Header Files</Filter>
    </ClInclude>
    <ClInclude Include="targetver.h">
      <Filter>Header Files</Filter>
    </ClInclude>
    <ClInclude Include="DSPlayer.h">
      <Filter>Header Files</Filter>
    </ClInclude>
    <ClInclude Include="VarietyDialog.h">
      <Filter>Header Files</Filter>
    </ClInclude>
    <ClInclude Include="Ini.hpp">
      <Filter>Header Files</Filter>
    </ClInclude>
    <ClInclude Include="DialogPicture.h">
      <Filter>Header Files</Filter>
    </ClInclude>
    <ClInclude Include="VarietyButton.h">
      <Filter>Header Files</Filter>
    </ClInclude>
  </ItemGroup>
  <ItemGroup>
    <None Include="res\bitmap1.bmp">
      <Filter>Resource Files</Filter>
    </None>
    <None Include="res\bitmap2.bmp">
      <Filter>Resource Files</Filter>
    </None>
    <None Include="res\FFDown.bmp">
      <Filter>Resource Files</Filter>
    </None>
    <None Include="res\FFNone.bmp">
      <Filter>Resource Files</Filter>
    </None>
    <None Include="res\FFUp.bmp">
      <Filter>Resource Files</Filter>
    </None>
    <None Include="res\PauseDown.bmp">
      <Filter>Resource Files</Filter>
    </None>
    <None Include="res\PauseNone.bmp">
      <Filter>Resource Files</Filter>
    </None>
    <None Include="res\PauseUp.bmp">
      <Filter>Resource Files</Filter>
    </None>
    <None Include="res\PlayDown.bmp">
      <Filter>Resource Files</Filter>
    </None>
    <None Include="res\PlayNone.bmp">
      <Filter>Resource Files</Filter>
    </None>
    <None Include="res\PlayUp.bmp">
      <Filter>Resource Files</Filter>
    </None>
    <None Include="res\PrevDown.bmp">
      <Filter>Resource Files</Filter>
    </None>
    <None Include="res\PrevNone.bmp">
      <Filter>Resource Files</Filter>
    </None>
    <None Include="res\PrevUp.bmp">
      <Filter>Resource Files</Filter>
    </None>
    <None Include="res\SongInfoEditor.ico">
      <Filter>Resource Files</Filter>
    </None>
    <None Include="res\SongInfoEditor.rc2">
      <Filter>Resource Files</Filter>
    </None>
    <None Include="res\StopDown.bmp">
      <Filter>Resource Files</Filter>
    </None>
    <None Include="res\StopNone.bmp">
      <Filter>Resource Files</Filter>
    </None>
    <None Include="res\StopUp.bmp">
      <Filter>Resource Files</Filter>
    </None>
    <None Include="C:\Users\Lilina Yuy\Desktop\Temp\1.Just！.mp3" />
    <None Include="ReadMe.txt" />
    <None Include="SongInfoEditor.reg" />
    <None Include="res\play01.png">
      <Filter>Resource Files</Filter>
    </None>
  </ItemGroup>
  <ItemGroup>
    <ResourceCompile Include="SongInfoEditor.rc">
      <Filter>Resource Files</Filter>
    </ResourceCompile>
  </ItemGroup>
</Project>